// !$*UTF8*$!
{
	archiveVersion = 1;
	classes = {
	};
	objectVersion = 77;
	objects = {

/* Begin PBXBuildFile section */
		AC5A00012F2A000000000001 /* SwiftyXrayKit in Frameworks */ = {isa = PBXBuildFile; productRef = AC5A00032F2A000000000003 /* SwiftyXrayKit */; };
		14621F552EF58ABE001538E3 /* VPNProtocolType.swift in Sources */ = {isa = PBXBuildFile; fileRef = 14621F502EF58ABE001538E3 /* VPNProtocolType.swift */; };
		14621F562EF58ABE001538E3 /* VPNConfiguration.swift in Sources */ = {isa = PBXBuildFile; fileRef = 14621F4F2EF58ABE001538E3 /* VPNConfiguration.swift */; };
		14621F572EF58ABE001538E3 /* VPNConfigurationService.swift in Sources */ = {isa = PBXBuildFile; fileRef = 14621F522EF58ABE001538E3 /* VPNConfigurationService.swift */; };
		14621F582EF58ABE001538E3 /* VPNConnectionService.swift in Sources */ = {isa = PBXBuildFile; fileRef = 14621F532EF58ABE001538E3 /* VPNConnectionService.swift */; };
		14621F742EF58C4F001538E3 /* NetworkExtension.framework in Frameworks */ = {isa = PBXBuildFile; fileRef = 14621F602EF58BF8001538E3 /* NetworkExtension.framework */; };
		14621F7C2EF58C4F001538E3 /* FastVPNAppPacketTunnel.appex in Embed Foundation Extensions */ = {isa = PBXBuildFile; fileRef = 14621F732EF58C4F001538E3 /* FastVPNAppPacketTunnel.appex */; settings = {ATTRIBUTES = (RemoveHeadersOnCopy, ); }; };
		14B2A9A12EF5879E00BED825 /* LaunchScreen.storyboard in Resources */ = {isa = PBXBuildFile; fileRef = 14B2A99F2EF5879D00BED825 /* LaunchScreen.storyboard */; };
		14B2A9A22EF5879E00BED825 /* AppDelegate.swift in Sources */ = {isa = PBXBuildFile; fileRef = 14B2A99D2EF5879D00BED825 /* AppDelegate.swift */; };
		14B2A9AC2EF58A8400BED825 /* ServiceVPN1ViewModel.swift in Sources */ = {isa = PBXBuildFile; fileRef = 14B2A9AB2EF58A8400BED825 /* ServiceVPN1ViewModel.swift */; };
		AC02037E2EF9D6CE00B48774 /* codemagic.yaml in Resources */ = {isa = PBXBuildFile; fileRef = AC02037D2EF9D6BF00B48774 /* codemagic.yaml */; };
		E9C960FA2EF18492003DE138 /* OnboardingVPN1ViewController.swift in Sources */ = {isa = PBXBuildFile; fileRef = E9C960F62EF18492003DE138 /* OnboardingVPN1ViewController.swift */; };
		E9C960FB2EF18492003DE138 /* Assets.xcassets in Resources */ = {isa = PBXBuildFile; fileRef = E9C960EF2EF18492003DE138 /* Assets.xcassets */; };
		E9C960FD2EF18492003DE138 /* LaunchScreen.storyboard in Resources */ = {isa = PBXBuildFile; fileRef = E9C960F22EF18492003DE138 /* LaunchScreen.storyboard */; };
		E9C961012EF184FD003DE138 /* OnboardingVPN1View.swift in Sources */ = {isa = PBXBuildFile; fileRef = E9C961002EF184FD003DE138 /* OnboardingVPN1View.swift */; };
		E9C961062EF18748003DE138 /* AlbertSans-SemiBold.ttf in Resources */ = {isa = PBXBuildFile; fileRef = E9C961052EF18748003DE138 /* AlbertSans-SemiBold.ttf */; };
		E9C961092EF18847003DE138 /* TabBarVPN1ViewController.swift in Sources */ = {isa = PBXBuildFile; fileRef = E9C961082EF18847003DE138 /* TabBarVPN1ViewController.swift */; };
		E9C9610C2EF18863003DE138 /* ServiceVPN1ViewController.swift in Sources */ = {isa = PBXBuildFile; fileRef = E9C9610B2EF18863003DE138 /* ServiceVPN1ViewController.swift */; };
		E9C9610E2EF18865003DE138 /* ServiceVPN1View.swift in Sources */ = {isa = PBXBuildFile; fileRef = E9C9610D2EF18865003DE138 /* ServiceVPN1View.swift */; };
		E9C961112EF18879003DE138 /* SpeedVPN1ViewController.swift in Sources */ = {isa = PBXBuildFile; fileRef = E9C961102EF18879003DE138 /* SpeedVPN1ViewController.swift */; };
		E9C961132EF1887B003DE138 /* SpeedVPN1View.swift in Sources */ = {isa = PBXBuildFile; fileRef = E9C961122EF1887B003DE138 /* SpeedVPN1View.swift */; };
		E9C961162EF18886003DE138 /* SettingsVPN1ViewController.swift in Sources */ = {isa = PBXBuildFile; fileRef = E9C961152EF18886003DE138 /* SettingsVPN1ViewController.swift */; };
		E9C961182EF1888B003DE138 /* SettingsVPN1View.swift in Sources */ = {isa = PBXBuildFile; fileRef = E9C961172EF1888B003DE138 /* SettingsVPN1View.swift */; };
		E9C9611B2EF22F4B003DE138 /* AppVPN1ViewController.swift in Sources */ = {isa = PBXBuildFile; fileRef = E9C9611A2EF22F4B003DE138 /* AppVPN1ViewController.swift */; };
		E9C9611D2EF22F4D003DE138 /* AppVPN1View.swift in Sources */ = {isa = PBXBuildFile; fileRef = E9C9611C2EF22F4D003DE138 /* AppVPN1View.swift */; };
		E9C961202EF2321C003DE138 /* TunnelSettingsVPN1ViewController.swift in Sources */ = {isa = PBXBuildFile; fileRef = E9C9611F2EF2321C003DE138 /* TunnelSettingsVPN1ViewController.swift */; };
		E9C961222EF2321F003DE138 /* TunnelSettingsVPN1View.swift in Sources */ = {isa = PBXBuildFile; fileRef = E9C961212EF2321F003DE138 /* TunnelSettingsVPN1View.swift */; };
		E9C9615D2EF46DED003DE138 /* RoutingVPN1ViewController.swift in Sources */ = {isa = PBXBuildFile; fileRef = E9C9615C2EF46DED003DE138 /* RoutingVPN1ViewController.swift */; };
		E9C9615F2EF46DF0003DE138 /* RoutingVPN1View.swift in Sources */ = {isa = PBXBuildFile; fileRef = E9C9615E2EF46DF0003DE138 /* RoutingVPN1View.swift */; };
		E9C961622EF46E9A003DE138 /* OnDemandVPN1ViewController.swift in Sources */ = {isa = PBXBuildFile; fileRef = E9C961612EF46E9A003DE138 /* OnDemandVPN1ViewController.swift */; };
		E9C961642EF46E9D003DE138 /* OnDemandVPN1View.swift in Sources */ = {isa = PBXBuildFile; fileRef = E9C961632EF46E9D003DE138 /* OnDemandVPN1View.swift */; };
		E9C961672EF46F37003DE138 /* PingVPN1ViewController.swift in Sources */ = {isa = PBXBuildFile; fileRef = E9C961662EF46F37003DE138 /* PingVPN1ViewController.swift */; };
		E9C961692EF46F3A003DE138 /* PingVPN1View.swift in Sources */ = {isa = PBXBuildFile; fileRef = E9C961682EF46F3A003DE138 /* PingVPN1View.swift */; };
		E9C9616B2EF47094003DE138 /* AlbertSans-Regular.ttf in Resources */ = {isa = PBXBuildFile; fileRef = E9C9616A2EF47094003DE138 /* AlbertSans-Regular.ttf */; };
		E9C9616E2EF470E6003DE138 /* PresetsVPN1ViewController.swift in Sources */ = {isa = PBXBuildFile; fileRef = E9C9616D2EF470E6003DE138 /* PresetsVPN1ViewController.swift */; };
		E9C961702EF470E9003DE138 /* PresetsVPN1View.swift in Sources */ = {isa = PBXBuildFile; fileRef = E9C9616F2EF470E9003DE138 /* PresetsVPN1View.swift */; };
		E9C961732EF4736A003DE138 /* StatisticsVPN1ViewController.swift in Sources */ = {isa = PBXBuildFile; fileRef = E9C961722EF4736A003DE138 /* StatisticsVPN1ViewController.swift */; };
		E9C961752EF4736D003DE138 /* StatisticsVPN1View.swift in Sources */ = {isa = PBXBuildFile; fileRef = E9C961742EF4736D003DE138 /* StatisticsVPN1View.swift */; };
		E9C961782EF4770D003DE138 /* TermsVPN1ViewController.swift in Sources */ = {isa = PBXBuildFile; fileRef = E9C961772EF4770D003DE138 /* TermsVPN1ViewController.swift */; };
		E9C9617A2EF4770F003DE138 /* TermsVPN1View.swift in Sources */ = {isa = PBXBuildFile; fileRef = E9C961792EF4770F003DE138 /* TermsVPN1View.swift */; };
		E9C9617D2EF477A4003DE138 /* PrivacyPolicyVPN1ViewController.swift in Sources */ = {isa = PBXBuildFile; fileRef = E9C9617C2EF477A4003DE138 /* PrivacyPolicyVPN1ViewController.swift */; };
		E9C9617F2EF477A6003DE138 /* PrivacyPolicyVPN1View.swift in Sources */ = {isa = PBXBuildFile; fileRef = E9C9617E2EF477A6003DE138 /* PrivacyPolicyVPN1View.swift */; };
		E9C961822EF47820003DE138 /* SupportVPN1ViewController.swift in Sources */ = {isa = PBXBuildFile; fileRef = E9C961812EF47820003DE138 /* SupportVPN1ViewController.swift */; };
		E9C961842EF47823003DE138 /* SupportVPN1View.swift in Sources */ = {isa = PBXBuildFile; fileRef = E9C961832EF47823003DE138 /* SupportVPN1View.swift */; };
		E9C961872EF47A95003DE138 /* MyRulesVPN1ViewController.swift in Sources */ = {isa = PBXBuildFile; fileRef = E9C961862EF47A95003DE138 /* MyRulesVPN1ViewController.swift */; };
		E9C961892EF47A98003DE138 /* MyRulesVPN1View.swift in Sources */ = {isa = PBXBuildFile; fileRef = E9C961882EF47A98003DE138 /* MyRulesVPN1View.swift */; };
/* End PBXBuildFile section */

/* Begin PBXContainerItemProxy section */
		1438FDE12F281288000F76A5 /* PBXContainerItemProxy */ = {
			isa = PBXContainerItemProxy;
			containerPortal = E9C960CE2EF1848D003DE138 /* Project object */;
			proxyType = 1;
			remoteGlobalIDString = 1438FDDB2F28117F000F76A5;
			remoteInfo = WireGuardGoBridgeiOS;
		};
		14621F7A2EF58C4F001538E3 /* PBXContainerItemProxy */ = {
			isa = PBXContainerItemProxy;
			containerPortal = E9C960CE2EF1848D003DE138 /* Project object */;
			proxyType = 1;
			remoteGlobalIDString = 14621F722EF58C4F001538E3;
			remoteInfo = FastVPNAppPacketTunnel;
		};
/* End PBXContainerItemProxy section */

/* Begin PBXCopyFilesBuildPhase section */
		14621F6E2EF58BF8001538E3 /* Embed Foundation Extensions */ = {
			isa = PBXCopyFilesBuildPhase;
			buildActionMask = 2147483647;
			dstPath = "";
			dstSubfolderSpec = 13;
			files = (
				14621F7C2EF58C4F001538E3 /* FastVPNAppPacketTunnel.appex in Embed Foundation Extensions */,
			);
			name = "Embed Foundation Extensions";
			runOnlyForDeploymentPostprocessing = 0;
		};
/* End PBXCopyFilesBuildPhase section */

/* Begin PBXFileReference section */
		1428ED1A2EFC8A8100994FAD /* FastVPNApp.entitlements */ = {isa = PBXFileReference; lastKnownFileType = text.plist.entitlements; path = FastVPNApp.entitlements; sourceTree = "<group>"; };
		14621F4F2EF58ABE001538E3 /* VPNConfiguration.swift */ = {isa = PBXFileReference; lastKnownFileType = sourcecode.swift; path = VPNConfiguration.swift; sourceTree = "<group>"; };
		14621F502EF58ABE001538E3 /* VPNProtocolType.swift */ = {isa = PBXFileReference; lastKnownFileType = sourcecode.swift; path = VPNProtocolType.swift; sourceTree = "<group>"; };
		14621F522EF58ABE001538E3 /* VPNConfigurationService.swift */ = {isa = PBXFileReference; lastKnownFileType = sourcecode.swift; path = VPNConfigurationService.swift; sourceTree = "<group>"; };
		14621F532EF58ABE001538E3 /* VPNConnectionService.swift */ = {isa = PBXFileReference; lastKnownFileType = sourcecode.swift; path = VPNConnectionService.swift; sourceTree = "<group>"; };
		14621F602EF58BF8001538E3 /* NetworkExtension.framework */ = {isa = PBXFileReference; lastKnownFileType = wrapper.framework; name = NetworkExtension.framework; path = System/Library/Frameworks/NetworkExtension.framework; sourceTree = SDKROOT; };
		14621F732EF58C4F001538E3 /* FastVPNAppPacketTunnel.appex */ = {isa = PBXFileReference; explicitFileType = "wrapper.app-extension"; includeInIndex = 0; path = FastVPNAppPacketTunnel.appex; sourceTree = BUILT_PRODUCTS_DIR; };
		14B2A99D2EF5879D00BED825 /* AppDelegate.swift */ = {isa = PBXFileReference; lastKnownFileType = sourcecode.swift; path = AppDelegate.swift; sourceTree = "<group>"; };
		14B2A99E2EF5879D00BED825 /* Base */ = {isa = PBXFileReference; lastKnownFileType = file.storyboard; name = Base; path = Base.lproj/LaunchScreen.storyboard; sourceTree = "<group>"; };
		14B2A9A32EF587B200BED825 /* FastVPNApp.entitlements */ = {isa = PBXFileReference; lastKnownFileType = text.plist.entitlements; path = FastVPNApp.entitlements; sourceTree = "<group>"; };
		14B2A9AB2EF58A8400BED825 /* ServiceVPN1ViewModel.swift */ = {isa = PBXFileReference; lastKnownFileType = sourcecode.swift; path = ServiceVPN1ViewModel.swift; sourceTree = "<group>"; };
		AC02037D2EF9D6BF00B48774 /* codemagic.yaml */ = {isa = PBXFileReference; lastKnownFileType = text.yaml; path = codemagic.yaml; sourceTree = "<group>"; };
		E9C960D62EF1848D003DE138 /* FastVPNApp.app */ = {isa = PBXFileReference; explicitFileType = wrapper.application; includeInIndex = 0; path = FastVPNApp.app; sourceTree = BUILT_PRODUCTS_DIR; };
		E9C960EE2EF18492003DE138 /* AppDelegate.swift */ = {isa = PBXFileReference; lastKnownFileType = sourcecode.swift; path = AppDelegate.swift; sourceTree = "<group>"; };
		E9C960EF2EF18492003DE138 /* Assets.xcassets */ = {isa = PBXFileReference; lastKnownFileType = folder.assetcatalog; path = Assets.xcassets; sourceTree = "<group>"; };
		E9C960F02EF18492003DE138 /* Info.plist */ = {isa = PBXFileReference; lastKnownFileType = text.plist.xml; path = Info.plist; sourceTree = "<group>"; };
		E9C960F12EF18492003DE138 /* Base */ = {isa = PBXFileReference; lastKnownFileType = file.storyboard; name = Base; path = Base.lproj/LaunchScreen.storyboard; sourceTree = "<group>"; };
		E9C960F62EF18492003DE138 /* OnboardingVPN1ViewController.swift */ = {isa = PBXFileReference; lastKnownFileType = sourcecode.swift; path = OnboardingVPN1ViewController.swift; sourceTree = "<group>"; };
		E9C961002EF184FD003DE138 /* OnboardingVPN1View.swift */ = {isa = PBXFileReference; lastKnownFileType = sourcecode.swift; path = OnboardingVPN1View.swift; sourceTree = "<group>"; };
		E9C961052EF18748003DE138 /* AlbertSans-SemiBold.ttf */ = {isa = PBXFileReference; lastKnownFileType = file; path = "AlbertSans-SemiBold.ttf"; sourceTree = "<group>"; };
		E9C961082EF18847003DE138 /* TabBarVPN1ViewController.swift */ = {isa = PBXFileReference; lastKnownFileType = sourcecode.swift; path = TabBarVPN1ViewController.swift; sourceTree = "<group>"; };
		E9C9610B2EF18863003DE138 /* ServiceVPN1ViewController.swift */ = {isa = PBXFileReference; lastKnownFileType = sourcecode.swift; path = ServiceVPN1ViewController.swift; sourceTree = "<group>"; };
		E9C9610D2EF18865003DE138 /* ServiceVPN1View.swift */ = {isa = PBXFileReference; lastKnownFileType = sourcecode.swift; path = ServiceVPN1View.swift; sourceTree = "<group>"; };
		E9C961102EF18879003DE138 /* SpeedVPN1ViewController.swift */ = {isa = PBXFileReference; lastKnownFileType = sourcecode.swift; path = SpeedVPN1ViewController.swift; sourceTree = "<group>"; };
		E9C961122EF1887B003DE138 /* SpeedVPN1View.swift */ = {isa = PBXFileReference; lastKnownFileType = sourcecode.swift; path = SpeedVPN1View.swift; sourceTree = "<group>"; };
		E9C961152EF18886003DE138 /* SettingsVPN1ViewController.swift */ = {isa = PBXFileReference; lastKnownFileType = sourcecode.swift; path = SettingsVPN1ViewController.swift; sourceTree = "<group>"; };
		E9C961172EF1888B003DE138 /* SettingsVPN1View.swift */ = {isa = PBXFileReference; lastKnownFileType = sourcecode.swift; path = SettingsVPN1View.swift; sourceTree = "<group>"; };
		E9C9611A2EF22F4B003DE138 /* AppVPN1ViewController.swift */ = {isa = PBXFileReference; lastKnownFileType = sourcecode.swift; path = AppVPN1ViewController.swift; sourceTree = "<group>"; };
		E9C9611C2EF22F4D003DE138 /* AppVPN1View.swift */ = {isa = PBXFileReference; lastKnownFileType = sourcecode.swift; path = AppVPN1View.swift; sourceTree = "<group>"; };
		E9C9611F2EF2321C003DE138 /* TunnelSettingsVPN1ViewController.swift */ = {isa = PBXFileReference; lastKnownFileType = sourcecode.swift; path = TunnelSettingsVPN1ViewController.swift; sourceTree = "<group>"; };
		E9C961212EF2321F003DE138 /* TunnelSettingsVPN1View.swift */ = {isa = PBXFileReference; lastKnownFileType = sourcecode.swift; path = TunnelSettingsVPN1View.swift; sourceTree = "<group>"; };
		E9C9615C2EF46DED003DE138 /* RoutingVPN1ViewController.swift */ = {isa = PBXFileReference; lastKnownFileType = sourcecode.swift; path = RoutingVPN1ViewController.swift; sourceTree = "<group>"; };
		E9C9615E2EF46DF0003DE138 /* RoutingVPN1View.swift */ = {isa = PBXFileReference; lastKnownFileType = sourcecode.swift; path = RoutingVPN1View.swift; sourceTree = "<group>"; };
		E9C961612EF46E9A003DE138 /* OnDemandVPN1ViewController.swift */ = {isa = PBXFileReference; lastKnownFileType = sourcecode.swift; path = OnDemandVPN1ViewController.swift; sourceTree = "<group>"; };
		E9C961632EF46E9D003DE138 /* OnDemandVPN1View.swift */ = {isa = PBXFileReference; lastKnownFileType = sourcecode.swift; path = OnDemandVPN1View.swift; sourceTree = "<group>"; };
		E9C961662EF46F37003DE138 /* PingVPN1ViewController.swift */ = {isa = PBXFileReference; lastKnownFileType = sourcecode.swift; path = PingVPN1ViewController.swift; sourceTree = "<group>"; };
		E9C961682EF46F3A003DE138 /* PingVPN1View.swift */ = {isa = PBXFileReference; lastKnownFileType = sourcecode.swift; path = PingVPN1View.swift; sourceTree = "<group>"; };
		E9C9616A2EF47094003DE138 /* AlbertSans-Regular.ttf */ = {isa = PBXFileReference; lastKnownFileType = file; path = "AlbertSans-Regular.ttf"; sourceTree = "<group>"; };
		E9C9616D2EF470E6003DE138 /* PresetsVPN1ViewController.swift */ = {isa = PBXFileReference; lastKnownFileType = sourcecode.swift; path = PresetsVPN1ViewController.swift; sourceTree = "<group>"; };
		E9C9616F2EF470E9003DE138 /* PresetsVPN1View.swift */ = {isa = PBXFileReference; lastKnownFileType = sourcecode.swift; path = PresetsVPN1View.swift; sourceTree = "<group>"; };
		E9C961722EF4736A003DE138 /* StatisticsVPN1ViewController.swift */ = {isa = PBXFileReference; lastKnownFileType = sourcecode.swift; path = StatisticsVPN1ViewController.swift; sourceTree = "<group>"; };
		E9C961742EF4736D003DE138 /* StatisticsVPN1View.swift */ = {isa = PBXFileReference; lastKnownFileType = sourcecode.swift; path = StatisticsVPN1View.swift; sourceTree = "<group>"; };
		E9C961772EF4770D003DE138 /* TermsVPN1ViewController.swift */ = {isa = PBXFileReference; lastKnownFileType = sourcecode.swift; path = TermsVPN1ViewController.swift; sourceTree = "<group>"; };
		E9C961792EF4770F003DE138 /* TermsVPN1View.swift */ = {isa = PBXFileReference; lastKnownFileType = sourcecode.swift; path = TermsVPN1View.swift; sourceTree = "<group>"; };
		E9C9617C2EF477A4003DE138 /* PrivacyPolicyVPN1ViewController.swift */ = {isa = PBXFileReference; lastKnownFileType = sourcecode.swift; path = PrivacyPolicyVPN1ViewController.swift; sourceTree = "<group>"; };
		E9C9617E2EF477A6003DE138 /* PrivacyPolicyVPN1View.swift */ = {isa = PBXFileReference; lastKnownFileType = sourcecode.swift; path = PrivacyPolicyVPN1View.swift; sourceTree = "<group>"; };
		E9C961812EF47820003DE138 /* SupportVPN1ViewController.swift */ = {isa = PBXFileReference; lastKnownFileType = sourcecode.swift; path = SupportVPN1ViewController.swift; sourceTree = "<group>"; };
		E9C961832EF47823003DE138 /* SupportVPN1View.swift */ = {isa = PBXFileReference; lastKnownFileType = sourcecode.swift; path = SupportVPN1View.swift; sourceTree = "<group>"; };
		E9C961862EF47A95003DE138 /* MyRulesVPN1ViewController.swift */ = {isa = PBXFileReference; lastKnownFileType = sourcecode.swift; path = MyRulesVPN1ViewController.swift; sourceTree = "<group>"; };
		E9C961882EF47A98003DE138 /* MyRulesVPN1View.swift */ = {isa = PBXFileReference; lastKnownFileType = sourcecode.swift; path = MyRulesVPN1View.swift; sourceTree = "<group>"; };
/* End PBXFileReference section */

/* Begin PBXFileSystemSynchronizedBuildFileExceptionSet section */
		14621F892EF58C7B001538E3 /* Exceptions for "FastVPNAppPacketTunnel" folder in "FastVPNAppPacketTunnel" target */ = {
			isa = PBXFileSystemSynchronizedBuildFileExceptionSet;
			membershipExceptions = (
				Info.plist,
				Protocols/README.md,
				README.md,
			);
			target = 14621F722EF58C4F001538E3 /* FastVPNAppPacketTunnel */;
		};
/* End PBXFileSystemSynchronizedBuildFileExceptionSet section */

/* Begin PBXFileSystemSynchronizedRootGroup section */
		14621F752EF58C4F001538E3 /* FastVPNAppPacketTunnel */ = {
			isa = PBXFileSystemSynchronizedRootGroup;
			exceptions = (
				14621F892EF58C7B001538E3 /* Exceptions for "FastVPNAppPacketTunnel" folder in "FastVPNAppPacketTunnel" target */,
			);
			path = FastVPNAppPacketTunnel;
			sourceTree = "<group>";
		};
/* End PBXFileSystemSynchronizedRootGroup section */

/* Begin PBXFrameworksBuildPhase section */
		14621F702EF58C4F001538E3 /* Frameworks */ = {
			isa = PBXFrameworksBuildPhase;
			buildActionMask = 2147483647;
			files = (
				AC5A00012F2A000000000001 /* SwiftyXrayKit in Frameworks */,
				14621F742EF58C4F001538E3 /* NetworkExtension.framework in Frameworks */,
			);
			runOnlyForDeploymentPostprocessing = 0;
		};
		E9C960D32EF1848D003DE138 /* Frameworks */ = {
			isa = PBXFrameworksBuildPhase;
			buildActionMask = 2147483647;
			files = (
			);
			runOnlyForDeploymentPostprocessing = 0;
		};
/* End PBXFrameworksBuildPhase section */

/* Begin PBXGroup section */
		14621F512EF58ABE001538E3 /* Models */ = {
			isa = PBXGroup;
			children = (
				14621F4F2EF58ABE001538E3 /* VPNConfiguration.swift */,
				14621F502EF58ABE001538E3 /* VPNProtocolType.swift */,
			);
			path = Models;
			sourceTree = "<group>";
		};
		14621F542EF58ABE001538E3 /* Services */ = {
			isa = PBXGroup;
			children = (
				14621F522EF58ABE001538E3 /* VPNConfigurationService.swift */,
				14621F532EF58ABE001538E3 /* VPNConnectionService.swift */,
			);
			path = Services;
			sourceTree = "<group>";
		};
		14621F5F2EF58BF8001538E3 /* Frameworks */ = {
			isa = PBXGroup;
			children = (
				14621F602EF58BF8001538E3 /* NetworkExtension.framework */,
			);
			name = Frameworks;
			sourceTree = "<group>";
		};
		14B2A9A02EF5879D00BED825 /* Application */ = {
			isa = PBXGroup;
			children = (
				14B2A99D2EF5879D00BED825 /* AppDelegate.swift */,
				14B2A99F2EF5879D00BED825 /* LaunchScreen.storyboard */,
			);
			path = Application;
			sourceTree = "<group>";
		};
		E9C960CD2EF1848D003DE138 = {
			isa = PBXGroup;
			children = (
				AC02037D2EF9D6BF00B48774 /* codemagic.yaml */,
				14B2A9A32EF587B200BED825 /* FastVPNApp.entitlements */,
				E9C960F72EF18492003DE138 /* FastVPNApp */,
				14621F752EF58C4F001538E3 /* FastVPNAppPacketTunnel */,
				14621F5F2EF58BF8001538E3 /* Frameworks */,
				E9C960D72EF1848D003DE138 /* Products */,
			);
			sourceTree = "<group>";
		};
		E9C960D72EF1848D003DE138 /* Products */ = {
			isa = PBXGroup;
			children = (
				E9C960D62EF1848D003DE138 /* FastVPNApp.app */,
				14621F732EF58C4F001538E3 /* FastVPNAppPacketTunnel.appex */,
			);
			name = Products;
			sourceTree = "<group>";
		};
		E9C960F72EF18492003DE138 /* FastVPNApp */ = {
			isa = PBXGroup;
			children = (
				1428ED1A2EFC8A8100994FAD /* FastVPNApp.entitlements */,
				14B2A9A02EF5879D00BED825 /* Application */,
				E9C961142EF1887D003DE138 /* Settings */,
				E9C9610F2EF1886F003DE138 /* Speed */,
				E9C9610A2EF18857003DE138 /* Service */,
				E9C961072EF1883C003DE138 /* TabBar */,
				E9C960FF2EF18495003DE138 /* Onboarding */,
				E9C961022EF1863F003DE138 /* Application */,
				E9C961032EF18712003DE138 /* Resources */,
				E9C960F02EF18492003DE138 /* Info.plist */,
			);
			path = FastVPNApp;
			sourceTree = "<group>";
		};
		E9C960FF2EF18495003DE138 /* Onboarding */ = {
			isa = PBXGroup;
			children = (
				E9C960F62EF18492003DE138 /* OnboardingVPN1ViewController.swift */,
				E9C961002EF184FD003DE138 /* OnboardingVPN1View.swift */,
			);
			path = Onboarding;
			sourceTree = "<group>";
		};
		E9C961022EF1863F003DE138 /* Application */ = {
			isa = PBXGroup;
			children = (
				E9C960EE2EF18492003DE138 /* AppDelegate.swift */,
				E9C960F22EF18492003DE138 /* LaunchScreen.storyboard */,
			);
			path = Application;
			sourceTree = "<group>";
		};
		E9C961032EF18712003DE138 /* Resources */ = {
			isa = PBXGroup;
			children = (
				E9C961042EF1873F003DE138 /* Fonts */,
				E9C960EF2EF18492003DE138 /* Assets.xcassets */,
			);
			path = Resources;
			sourceTree = "<group>";
		};
		E9C961042EF1873F003DE138 /* Fonts */ = {
			isa = PBXGroup;
			children = (
				E9C961052EF18748003DE138 /* AlbertSans-SemiBold.ttf */,
				E9C9616A2EF47094003DE138 /* AlbertSans-Regular.ttf */,
			);
			path = Fonts;
			sourceTree = "<group>";
		};
		E9C961072EF1883C003DE138 /* TabBar */ = {
			isa = PBXGroup;
			children = (
				E9C961082EF18847003DE138 /* TabBarVPN1ViewController.swift */,
			);
			path = TabBar;
			sourceTree = "<group>";
		};
		E9C9610A2EF18857003DE138 /* Service */ = {
			isa = PBXGroup;
			children = (
				14621F512EF58ABE001538E3 /* Models */,
				14621F542EF58ABE001538E3 /* Services */,
				14B2A9AB2EF58A8400BED825 /* ServiceVPN1ViewModel.swift */,
				E9C9610B2EF18863003DE138 /* ServiceVPN1ViewController.swift */,
				E9C9610D2EF18865003DE138 /* ServiceVPN1View.swift */,
			);
			path = Service;
			sourceTree = "<group>";
		};
		E9C9610F2EF1886F003DE138 /* Speed */ = {
			isa = PBXGroup;
			children = (
				E9C961102EF18879003DE138 /* SpeedVPN1ViewController.swift */,
				E9C961122EF1887B003DE138 /* SpeedVPN1View.swift */,
			);
			path = Speed;
			sourceTree = "<group>";
		};
		E9C961142EF1887D003DE138 /* Settings */ = {
			isa = PBXGroup;
			children = (
				E9C961712EF4735E003DE138 /* Statistics */,
				E9C9611E2EF23212003DE138 /* TunnelSettings */,
				E9C961192EF22F42003DE138 /* App */,
				E9C961152EF18886003DE138 /* SettingsVPN1ViewController.swift */,
				E9C961172EF1888B003DE138 /* SettingsVPN1View.swift */,
			);
			path = Settings;
			sourceTree = "<group>";
		};
		E9C961192EF22F42003DE138 /* App */ = {
			isa = PBXGroup;
			children = (
				E9C961802EF4781A003DE138 /* Support */,
				E9C9617B2EF4779A003DE138 /* PrivacyPolicy */,
				E9C961762EF47706003DE138 /* Terms */,
				E9C9611A2EF22F4B003DE138 /* AppVPN1ViewController.swift */,
				E9C9611C2EF22F4D003DE138 /* AppVPN1View.swift */,
			);
			path = App;
			sourceTree = "<group>";
		};
		E9C9611E2EF23212003DE138 /* TunnelSettings */ = {
			isa = PBXGroup;
			children = (
				E9C961852EF47A8B003DE138 /* MyRules */,
				E9C9616C2EF470DC003DE138 /* Presets */,
				E9C961652EF46F31003DE138 /* Ping */,
				E9C961602EF46E8A003DE138 /* OnDemand */,
				E9C9615B2EF46DE4003DE138 /* Routing */,
				E9C9611F2EF2321C003DE138 /* TunnelSettingsVPN1ViewController.swift */,
				E9C961212EF2321F003DE138 /* TunnelSettingsVPN1View.swift */,
			);
			path = TunnelSettings;
			sourceTree = "<group>";
		};
		E9C9615B2EF46DE4003DE138 /* Routing */ = {
			isa = PBXGroup;
			children = (
				E9C9615C2EF46DED003DE138 /* RoutingVPN1ViewController.swift */,
				E9C9615E2EF46DF0003DE138 /* RoutingVPN1View.swift */,
			);
			path = Routing;
			sourceTree = "<group>";
		};
		E9C961602EF46E8A003DE138 /* OnDemand */ = {
			isa = PBXGroup;
			children = (
				E9C961612EF46E9A003DE138 /* OnDemandVPN1ViewController.swift */,
				E9C961632EF46E9D003DE138 /* OnDemandVPN1View.swift */,
			);
			path = OnDemand;
			sourceTree = "<group>";
		};
		E9C961652EF46F31003DE138 /* Ping */ = {
			isa = PBXGroup;
			children = (
				E9C961662EF46F37003DE138 /* PingVPN1ViewController.swift */,
				E9C961682EF46F3A003DE138 /* PingVPN1View.swift */,
			);
			path = Ping;
			sourceTree = "<group>";
		};
		E9C9616C2EF470DC003DE138 /* Presets */ = {
			isa = PBXGroup;
			children = (
				E9C9616D2EF470E6003DE138 /* PresetsVPN1ViewController.swift */,
				E9C9616F2EF470E9003DE138 /* PresetsVPN1View.swift */,
			);
			path = Presets;
			sourceTree = "<group>";
		};
		E9C961712EF4735E003DE138 /* Statistics */ = {
			isa = PBXGroup;
			children = (
				E9C961722EF4736A003DE138 /* StatisticsVPN1ViewController.swift */,
				E9C961742EF4736D003DE138 /* StatisticsVPN1View.swift */,
			);
			path = Statistics;
			sourceTree = "<group>";
		};
		E9C961762EF47706003DE138 /* Terms */ = {
			isa = PBXGroup;
			children = (
				E9C961772EF4770D003DE138 /* TermsVPN1ViewController.swift */,
				E9C961792EF4770F003DE138 /* TermsVPN1View.swift */,
			);
			path = Terms;
			sourceTree = "<group>";
		};
		E9C9617B2EF4779A003DE138 /* PrivacyPolicy */ = {
			isa = PBXGroup;
			children = (
				E9C9617C2EF477A4003DE138 /* PrivacyPolicyVPN1ViewController.swift */,
				E9C9617E2EF477A6003DE138 /* PrivacyPolicyVPN1View.swift */,
			);
			path = PrivacyPolicy;
			sourceTree = "<group>";
		};
		E9C961802EF4781A003DE138 /* Support */ = {
			isa = PBXGroup;
			children = (
				E9C961812EF47820003DE138 /* SupportVPN1ViewController.swift */,
				E9C961832EF47823003DE138 /* SupportVPN1View.swift */,
			);
			path = Support;
			sourceTree = "<group>";
		};
		E9C961852EF47A8B003DE138 /* MyRules */ = {
			isa = PBXGroup;
			children = (
				E9C961862EF47A95003DE138 /* MyRulesVPN1ViewController.swift */,
				E9C961882EF47A98003DE138 /* MyRulesVPN1View.swift */,
			);
			path = MyRules;
			sourceTree = "<group>";
		};
/* End PBXGroup section */

/* Begin PBXLegacyTarget section */
		1438FDDB2F28117F000F76A5 /* WireGuardGoBridgeiOS */ = {
			isa = PBXLegacyTarget;
			buildArgumentsString = "$(ACTION)";
			buildConfigurationList = 1438FDDC2F28117F000F76A5 /* Build configuration list for PBXLegacyTarget "WireGuardGoBridgeiOS" */;
			buildPhases = (
			);
			buildToolPath = /usr/bin/make;
			buildWorkingDirectory = "${BUILD_DIR%Build/*}SourcePackages/checkouts/wireguard-apple/Sources/WireGuardKitGo";
			dependencies = (
			);
			name = WireGuardGoBridgeiOS;
			packageProductDependencies = (
			);
			passBuildSettingsInEnvironment = 0;
			productName = WireGuardGoBridgeiOS;
		};
/* End PBXLegacyTarget section */

/* Begin PBXNativeTarget section */
		14621F722EF58C4F001538E3 /* FastVPNAppPacketTunnel */ = {
			isa = PBXNativeTarget;
			buildConfigurationList = 14621F7E2EF58C4F001538E3 /* Build configuration list for PBXNativeTarget "FastVPNAppPacketTunnel" */;
			buildPhases = (
				14621F6F2EF58C4F001538E3 /* Sources */,
				14621F702EF58C4F001538E3 /* Frameworks */,
				14621F712EF58C4F001538E3 /* Resources */,
			);
			buildRules = (
			);
			dependencies = (
			);
			fileSystemSynchronizedGroups = (
				14621F752EF58C4F001538E3 /* FastVPNAppPacketTunnel */,
			);
			name = FastVPNAppPacketTunnel;
			packageProductDependencies = (
				AC5A00032F2A000000000003 /* SwiftyXrayKit */,
			);
			productName = FastVPNAppPacketTunnel;
			productReference = 14621F732EF58C4F001538E3 /* FastVPNAppPacketTunnel.appex */;
			productType = "com.apple.product-type.app-extension";
		};
		E9C960D52EF1848D003DE138 /* FastVPNApp */ = {
			isa = PBXNativeTarget;
			buildConfigurationList = E9C960E92EF1848E003DE138 /* Build configuration list for PBXNativeTarget "FastVPNApp" */;
			buildPhases = (
				E9C960D22EF1848D003DE138 /* Sources */,
				E9C960D32EF1848D003DE138 /* Frameworks */,
				E9C960D42EF1848D003DE138 /* Resources */,
				14621F6E2EF58BF8001538E3 /* Embed Foundation Extensions */,
			);
			buildRules = (
			);
			dependencies = (
				14621F7B2EF58C4F001538E3 /* PBXTargetDependency */,
			);
			name = FastVPNApp;
			packageProductDependencies = (
			);
			productName = FastVPNApp;
			productReference = E9C960D62EF1848D003DE138 /* FastVPNApp.app */;
			productType = "com.apple.product-type.application";
		};
/* End PBXNativeTarget section */

/* Begin PBXProject section */
		E9C960CE2EF1848D003DE138 /* Project object */ = {
			isa = PBXProject;
			attributes = {
				BuildIndependentTargetsInParallel = 1;
				LastSwiftUpdateCheck = 2610;
				LastUpgradeCheck = 2610;
				TargetAttributes = {
					1438FDDB2F28117F000F76A5 = {
						CreatedOnToolsVersion = 26.2;
					};
					14621F722EF58C4F001538E3 = {
						CreatedOnToolsVersion = 26.1.1;
					};
					E9C960D52EF1848D003DE138 = {
						CreatedOnToolsVersion = 26.0.1;
					};
				};
			};
			buildConfigurationList = E9C960D12EF1848D003DE138 /* Build configuration list for PBXProject "FastVPNApp" */;
			developmentRegion = en;
			hasScannedForEncodings = 0;
			knownRegions = (
				en,
				Base,
			);
			mainGroup = E9C960CD2EF1848D003DE138;
			minimizedProjectReferenceProxies = 1;
			packageReferences = (
				AC5A00022F2A000000000002 /* XCRemoteSwiftPackageReference "SwiftyXrayKit" */,
			);
			preferredProjectObjectVersion = 77;
			productRefGroup = E9C960D72EF1848D003DE138 /* Products */;
			projectDirPath = "";
			projectRoot = "";
			targets = (
				E9C960D52EF1848D003DE138 /* FastVPNApp */,
				14621F722EF58C4F001538E3 /* FastVPNAppPacketTunnel */,
				1438FDDB2F28117F000F76A5 /* WireGuardGoBridgeiOS */,
			);
		};
/* End PBXProject section */

/* Begin PBXResourcesBuildPhase section */
		14621F712EF58C4F001538E3 /* Resources */ = {
			isa = PBXResourcesBuildPhase;
			buildActionMask = 2147483647;
			files = (
				AC02037E2EF9D6CE00B48774 /* codemagic.yaml in Resources */,
			);
			runOnlyForDeploymentPostprocessing = 0;
		};
		E9C960D42EF1848D003DE138 /* Resources */ = {
			isa = PBXResourcesBuildPhase;
			buildActionMask = 2147483647;
			files = (
				E9C9616B2EF47094003DE138 /* AlbertSans-Regular.ttf in Resources */,
				E9C961062EF18748003DE138 /* AlbertSans-SemiBold.ttf in Resources */,
				E9C960FB2EF18492003DE138 /* Assets.xcassets in Resources */,
				E9C960FD2EF18492003DE138 /* LaunchScreen.storyboard in Resources */,
			);
			runOnlyForDeploymentPostprocessing = 0;
		};
/* End PBXResourcesBuildPhase section */

/* Begin PBXSourcesBuildPhase section */
		14621F6F2EF58C4F001538E3 /* Sources */ = {
			isa = PBXSourcesBuildPhase;
			buildActionMask = 2147483647;
			files = (
			);
			runOnlyForDeploymentPostprocessing = 0;
		};
		E9C960D22EF1848D003DE138 /* Sources */ = {
			isa = PBXSourcesBuildPhase;
			buildActionMask = 2147483647;
			files = (
				E9C961782EF4770D003DE138 /* TermsVPN1ViewController.swift in Sources */,
				E9C961892EF47A98003DE138 /* MyRulesVPN1View.swift in Sources */,
				E9C9610C2EF18863003DE138 /* ServiceVPN1ViewController.swift in Sources */,
				E9C961622EF46E9A003DE138 /* OnDemandVPN1ViewController.swift in Sources */,
				E9C961702EF470E9003DE138 /* PresetsVPN1View.swift in Sources */,
				E9C9610E2EF18865003DE138 /* ServiceVPN1View.swift in Sources */,
				E9C961642EF46E9D003DE138 /* OnDemandVPN1View.swift in Sources */,
				E9C961162EF18886003DE138 /* SettingsVPN1ViewController.swift in Sources */,
				E9C9617A2EF4770F003DE138 /* TermsVPN1View.swift in Sources */,
				14B2A9A22EF5879E00BED825 /* AppDelegate.swift in Sources */,
				E9C961112EF18879003DE138 /* SpeedVPN1ViewController.swift in Sources */,
				E9C9616E2EF470E6003DE138 /* PresetsVPN1ViewController.swift in Sources */,
				E9C961872EF47A95003DE138 /* MyRulesVPN1ViewController.swift in Sources */,
				E9C961692EF46F3A003DE138 /* PingVPN1View.swift in Sources */,
				E9C961732EF4736A003DE138 /* StatisticsVPN1ViewController.swift in Sources */,
				E9C9615D2EF46DED003DE138 /* RoutingVPN1ViewController.swift in Sources */,
				E9C961092EF18847003DE138 /* TabBarVPN1ViewController.swift in Sources */,
				E9C960FA2EF18492003DE138 /* OnboardingVPN1ViewController.swift in Sources */,
				E9C9615F2EF46DF0003DE138 /* RoutingVPN1View.swift in Sources */,
				E9C961842EF47823003DE138 /* SupportVPN1View.swift in Sources */,
				14B2A9AC2EF58A8400BED825 /* ServiceVPN1ViewModel.swift in Sources */,
				E9C961012EF184FD003DE138 /* OnboardingVPN1View.swift in Sources */,
				14621F552EF58ABE001538E3 /* VPNProtocolType.swift in Sources */,
				14621F562EF58ABE001538E3 /* VPNConfiguration.swift in Sources */,
				14621F572EF58ABE001538E3 /* VPNConfigurationService.swift in Sources */,
				14621F582EF58ABE001538E3 /* VPNConnectionService.swift in Sources */,
				E9C961222EF2321F003DE138 /* TunnelSettingsVPN1View.swift in Sources */,
				E9C961202EF2321C003DE138 /* TunnelSettingsVPN1ViewController.swift in Sources */,
				E9C9617F2EF477A6003DE138 /* PrivacyPolicyVPN1View.swift in Sources */,
				E9C9611B2EF22F4B003DE138 /* AppVPN1ViewController.swift in Sources */,
				E9C961672EF46F37003DE138 /* PingVPN1ViewController.swift in Sources */,
				E9C9617D2EF477A4003DE138 /* PrivacyPolicyVPN1ViewController.swift in Sources */,
				E9C9611D2EF22F4D003DE138 /* AppVPN1View.swift in Sources */,
				E9C961182EF1888B003DE138 /* SettingsVPN1View.swift in Sources */,
				E9C961822EF47820003DE138 /* SupportVPN1ViewController.swift in Sources */,
				E9C961752EF4736D003DE138 /* StatisticsVPN1View.swift in Sources */,
				E9C961132EF1887B003DE138 /* SpeedVPN1View.swift in Sources */,
			);
			runOnlyForDeploymentPostprocessing = 0;
		};
/* End PBXSourcesBuildPhase section */

/* Begin PBXTargetDependency section */
		1438FDE22F281288000F76A5 /* PBXTargetDependency */ = {
			isa = PBXTargetDependency;
			target = 1438FDDB2F28117F000F76A5 /* WireGuardGoBridgeiOS */;
			targetProxy = 1438FDE12F281288000F76A5 /* PBXContainerItemProxy */;
		};
		14621F7B2EF58C4F001538E3 /* PBXTargetDependency */ = {
			isa = PBXTargetDependency;
			target = 14621F722EF58C4F001538E3 /* FastVPNAppPacketTunnel */;
			targetProxy = 14621F7A2EF58C4F001538E3 /* PBXContainerItemProxy */;
		};
/* End PBXTargetDependency section */

/* Begin PBXVariantGroup section */
		14B2A99F2EF5879D00BED825 /* LaunchScreen.storyboard */ = {
			isa = PBXVariantGroup;
			children = (
				14B2A99E2EF5879D00BED825 /* Base */,
			);
			name = LaunchScreen.storyboard;
			sourceTree = "<group>";
		};
		E9C960F22EF18492003DE138 /* LaunchScreen.storyboard */ = {
			isa = PBXVariantGroup;
			children = (
				E9C960F12EF18492003DE138 /* Base */,
			);
			name = LaunchScreen.storyboard;
			sourceTree = "<group>";
		};
/* End PBXVariantGroup section */

/* Begin XCBuildConfiguration section */
		1438FDDD2F28117F000F76A5 /* Debug */ = {
			isa = XCBuildConfiguration;
			buildSettings = {
				CODE_SIGN_STYLE = Automatic;
				DEBUGGING_SYMBOLS = YES;
				DEBUG_INFORMATION_FORMAT = dwarf;
				GCC_GENERATE_DEBUGGING_SYMBOLS = YES;
				GCC_OPTIMIZATION_LEVEL = 0;
				OTHER_CFLAGS = "";
				OTHER_LDFLAGS = "";
				PRODUCT_NAME = "$(TARGET_NAME)";
			};
			name = Debug;
		};
		1438FDDE2F28117F000F76A5 /* Release */ = {
			isa = XCBuildConfiguration;
			buildSettings = {
				CODE_SIGN_STYLE = Automatic;
				DEBUG_INFORMATION_FORMAT = "dwarf-with-dsym";
				OTHER_CFLAGS = "";
				OTHER_LDFLAGS = "";
				PRODUCT_NAME = "$(TARGET_NAME)";
			};
			name = Release;
		};
		14621F7F2EF58C4F001538E3 /* Debug */ = {
			isa = XCBuildConfiguration;
			buildSettings = {
				CODE_SIGN_ENTITLEMENTS = FastVPNAppPacketTunnel/FastVPNAppPacketTunnel.entitlements;
				CODE_SIGN_IDENTITY = "Apple Development";
				CODE_SIGN_STYLE = Manual;
				CURRENT_PROJECT_VERSION = 1;
				DEVELOPMENT_TEAM = "";
				GENERATE_INFOPLIST_FILE = YES;
				INFOPLIST_FILE = FastVPNApp/NetworkExtension/Info.plist;
				INFOPLIST_KEY_CFBundleDisplayName = "FastVPN Extension";
				INFOPLIST_KEY_NSHumanReadableCopyright = "";
				IPHONEOS_DEPLOYMENT_TARGET = 15.5;
				LD_RUNPATH_SEARCH_PATHS = (
					"$(inherited)",
					"@executable_path/Frameworks",
					"@executable_path/../../Frameworks",
				);
				MARKETING_VERSION = 1.1;
				PRODUCT_BUNDLE_IDENTIFIER = com.gooseberry.colander.tunnel;
				PRODUCT_NAME = "$(TARGET_NAME)";
				PROVISIONING_PROFILE_SPECIFIER = "";
				SKIP_INSTALL = YES;
				STRING_CATALOG_GENERATE_SYMBOLS = YES;
				SWIFT_APPROACHABLE_CONCURRENCY = YES;
				SWIFT_EMIT_LOC_STRINGS = YES;
				SWIFT_UPCOMING_FEATURE_MEMBER_IMPORT_VISIBILITY = YES;
				SWIFT_VERSION = 5.0;
				TARGETED_DEVICE_FAMILY = 1;
			};
			name = Debug;
		};
		14621F802EF58C4F001538E3 /* Release */ = {
			isa = XCBuildConfiguration;
			buildSettings = {
				CODE_SIGN_ENTITLEMENTS = FastVPNAppPacketTunnel/FastVPNAppPacketTunnel.entitlements;
				CODE_SIGN_IDENTITY = "Apple Development";
				CODE_SIGN_STYLE = Manual;
				CURRENT_PROJECT_VERSION = 1;
				DEVELOPMENT_TEAM = "";
				GENERATE_INFOPLIST_FILE = YES;
				INFOPLIST_FILE = FastVPNApp/NetworkExtension/Info.plist;
				INFOPLIST_KEY_CFBundleDisplayName = "FastVPN Extension";
				INFOPLIST_KEY_NSHumanReadableCopyright = "";
				IPHONEOS_DEPLOYMENT_TARGET = 15.5;
				LD_RUNPATH_SEARCH_PATHS = (
					"$(inherited)",
					"@executable_path/Frameworks",
					"@executable_path/../../Frameworks",
				);
				MARKETING_VERSION = 1.1;
				PRODUCT_BUNDLE_IDENTIFIER = com.gooseberry.colander.tunnel;
				PRODUCT_NAME = "$(TARGET_NAME)";
				PROVISIONING_PROFILE_SPECIFIER = "";
				SKIP_INSTALL = YES;
				STRING_CATALOG_GENERATE_SYMBOLS = YES;
				SWIFT_APPROACHABLE_CONCURRENCY = YES;
				SWIFT_EMIT_LOC_STRINGS = YES;
				SWIFT_UPCOMING_FEATURE_MEMBER_IMPORT_VISIBILITY = YES;
				SWIFT_VERSION = 5.0;
				TARGETED_DEVICE_FAMILY = 1;
			};
			name = Release;
		};
		E9C960EA2EF1848E003DE138 /* Debug */ = {
			isa = XCBuildConfiguration;
			buildSettings = {
				ASSETCATALOG_COMPILER_APPICON_NAME = AppIcon;
				ASSETCATALOG_COMPILER_GLOBAL_ACCENT_COLOR_NAME = AccentColor;
				CODE_SIGN_ENTITLEMENTS = FastVPNApp/FastVPNApp.entitlements;
				CODE_SIGN_STYLE = Manual;
				CURRENT_PROJECT_VERSION = 1;
				DEVELOPMENT_TEAM = "";
				GENERATE_INFOPLIST_FILE = YES;
				INFOPLIST_FILE = FastVPNApp/Info.plist;
				INFOPLIST_KEY_CFBundleDisplayName = "Fast client config app";
				INFOPLIST_KEY_LSApplicationCategoryType = "public.app-category.utilities";
				INFOPLIST_KEY_NSLocalNetworkUsageDescription = "Приложению требуется доступ к локальной сети для работы VPN";
				INFOPLIST_KEY_UIApplicationSupportsIndirectInputEvents = YES;
				INFOPLIST_KEY_UILaunchStoryboardName = LaunchScreen;
				INFOPLIST_KEY_UISupportedInterfaceOrientations = UIInterfaceOrientationPortrait;
				INFOPLIST_KEY_UISupportedInterfaceOrientations_iPad = "UIInterfaceOrientationLandscapeLeft UIInterfaceOrientationLandscapeRight UIInterfaceOrientationPortrait UIInterfaceOrientationPortraitUpsideDown";
				IPHONEOS_DEPLOYMENT_TARGET = 15.5;
				LD_RUNPATH_SEARCH_PATHS = (
					"$(inherited)",
					"@executable_path/Frameworks",
				);
				MARKETING_VERSION = 1.1;
				PRODUCT_BUNDLE_IDENTIFIER = com.gooseberry.colander;
				PRODUCT_NAME = "$(TARGET_NAME)";
				PROVISIONING_PROFILE_SPECIFIER = "";
				STRING_CATALOG_GENERATE_SYMBOLS = YES;
				SUPPORTED_PLATFORMS = "iphoneos iphonesimulator";
				SUPPORTS_MACCATALYST = NO;
				SUPPORTS_MAC_DESIGNED_FOR_IPHONE_IPAD = NO;
				SUPPORTS_XR_DESIGNED_FOR_IPHONE_IPAD = NO;
				SWIFT_APPROACHABLE_CONCURRENCY = YES;
				SWIFT_DEFAULT_ACTOR_ISOLATION = MainActor;
				SWIFT_EMIT_LOC_STRINGS = YES;
				SWIFT_UPCOMING_FEATURE_MEMBER_IMPORT_VISIBILITY = YES;
				SWIFT_VERSION = 5.0;
				TARGETED_DEVICE_FAMILY = 1;
			};
			name = Debug;
		};
		E9C960EB2EF1848E003DE138 /* Release */ = {
			isa = XCBuildConfiguration;
			buildSettings = {
				ASSETCATALOG_COMPILER_APPICON_NAME = AppIcon;
				ASSETCATALOG_COMPILER_GLOBAL_ACCENT_COLOR_NAME = AccentColor;
				CODE_SIGN_ENTITLEMENTS = FastVPNApp/FastVPNApp.entitlements;
				CODE_SIGN_STYLE = Manual;
				CURRENT_PROJECT_VERSION = 1;
				DEVELOPMENT_TEAM = "";
				GENERATE_INFOPLIST_FILE = YES;
				INFOPLIST_FILE = FastVPNApp/Info.plist;
				INFOPLIST_KEY_CFBundleDisplayName = "Fast client config app";
				INFOPLIST_KEY_LSApplicationCategoryType = "public.app-category.utilities";
				INFOPLIST_KEY_NSLocalNetworkUsageDescription = "Приложению требуется доступ к локальной сети для работы VPN";
				INFOPLIST_KEY_UIApplicationSupportsIndirectInputEvents = YES;
				INFOPLIST_KEY_UILaunchStoryboardName = LaunchScreen;
				INFOPLIST_KEY_UISupportedInterfaceOrientations = UIInterfaceOrientationPortrait;
				INFOPLIST_KEY_UISupportedInterfaceOrientations_iPad = "UIInterfaceOrientationLandscapeLeft UIInterfaceOrientationLandscapeRight UIInterfaceOrientationPortrait UIInterfaceOrientationPortraitUpsideDown";
				IPHONEOS_DEPLOYMENT_TARGET = 15.5;
				LD_RUNPATH_SEARCH_PATHS = (
					"$(inherited)",
					"@executable_path/Frameworks",
				);
				MARKETING_VERSION = 1.1;
				PRODUCT_BUNDLE_IDENTIFIER = com.gooseberry.colander;
				PRODUCT_NAME = "$(TARGET_NAME)";
				PROVISIONING_PROFILE_SPECIFIER = "";
				STRING_CATALOG_GENERATE_SYMBOLS = YES;
				SUPPORTED_PLATFORMS = "iphoneos iphonesimulator";
				SUPPORTS_MACCATALYST = NO;
				SUPPORTS_MAC_DESIGNED_FOR_IPHONE_IPAD = NO;
				SUPPORTS_XR_DESIGNED_FOR_IPHONE_IPAD = NO;
				SWIFT_APPROACHABLE_CONCURRENCY = YES;
				SWIFT_DEFAULT_ACTOR_ISOLATION = MainActor;
				SWIFT_EMIT_LOC_STRINGS = YES;
				SWIFT_UPCOMING_FEATURE_MEMBER_IMPORT_VISIBILITY = YES;
				SWIFT_VERSION = 5.0;
				TARGETED_DEVICE_FAMILY = 1;
			};
			name = Release;
		};
		E9C960EC2EF1848E003DE138 /* Debug */ = {
			isa = XCBuildConfiguration;
			buildSettings = {
				ALWAYS_SEARCH_USER_PATHS = NO;
				ASSETCATALOG_COMPILER_GENERATE_SWIFT_ASSET_SYMBOL_EXTENSIONS = YES;
				CLANG_ANALYZER_NONNULL = YES;
				CLANG_ANALYZER_NUMBER_OBJECT_CONVERSION = YES_AGGRESSIVE;
				CLANG_CXX_LANGUAGE_STANDARD = "gnu++20";
				CLANG_ENABLE_MODULES = YES;
				CLANG_ENABLE_OBJC_ARC = YES;
				CLANG_ENABLE_OBJC_WEAK = YES;
				CLANG_WARN_BLOCK_CAPTURE_AUTORELEASING = YES;
				CLANG_WARN_BOOL_CONVERSION = YES;
				CLANG_WARN_COMMA = YES;
				CLANG_WARN_CONSTANT_CONVERSION = YES;
				CLANG_WARN_DEPRECATED_OBJC_IMPLEMENTATIONS = YES;
				CLANG_WARN_DIRECT_OBJC_ISA_USAGE = YES_ERROR;
				CLANG_WARN_DOCUMENTATION_COMMENTS = YES;
				CLANG_WARN_EMPTY_BODY = YES;
				CLANG_WARN_ENUM_CONVERSION = YES;
				CLANG_WARN_INFINITE_RECURSION = YES;
				CLANG_WARN_INT_CONVERSION = YES;
				CLANG_WARN_NON_LITERAL_NULL_CONVERSION = YES;
				CLANG_WARN_OBJC_IMPLICIT_RETAIN_SELF = YES;
				CLANG_WARN_OBJC_LITERAL_CONVERSION = YES;
				CLANG_WARN_OBJC_ROOT_CLASS = YES_ERROR;
				CLANG_WARN_QUOTED_INCLUDE_IN_FRAMEWORK_HEADER = YES;
				CLANG_WARN_RANGE_LOOP_ANALYSIS = YES;
				CLANG_WARN_STRICT_PROTOTYPES = YES;
				CLANG_WARN_SUSPICIOUS_MOVE = YES;
				CLANG_WARN_UNGUARDED_AVAILABILITY = YES_AGGRESSIVE;
				CLANG_WARN_UNREACHABLE_CODE = YES;
				CLANG_WARN__DUPLICATE_METHOD_MATCH = YES;
				COPY_PHASE_STRIP = NO;
				DEBUG_INFORMATION_FORMAT = dwarf;
				ENABLE_STRICT_OBJC_MSGSEND = YES;
				ENABLE_TESTABILITY = YES;
				ENABLE_USER_SCRIPT_SANDBOXING = YES;
				GCC_C_LANGUAGE_STANDARD = gnu17;
				GCC_DYNAMIC_NO_PIC = NO;
				GCC_NO_COMMON_BLOCKS = YES;
				GCC_OPTIMIZATION_LEVEL = 0;
				GCC_PREPROCESSOR_DEFINITIONS = (
					"DEBUG=1",
					"$(inherited)",
				);
				GCC_WARN_64_TO_32_BIT_CONVERSION = YES;
				GCC_WARN_ABOUT_RETURN_TYPE = YES_ERROR;
				GCC_WARN_UNDECLARED_SELECTOR = YES;
				GCC_WARN_UNINITIALIZED_AUTOS = YES_AGGRESSIVE;
				GCC_WARN_UNUSED_FUNCTION = YES;
				GCC_WARN_UNUSED_VARIABLE = YES;
				IPHONEOS_DEPLOYMENT_TARGET = 15.5;
				LOCALIZATION_PREFERS_STRING_CATALOGS = YES;
				MTL_ENABLE_DEBUG_INFO = INCLUDE_SOURCE;
				MTL_FAST_MATH = YES;
				ONLY_ACTIVE_ARCH = YES;
				SDKROOT = iphoneos;
				STRING_CATALOG_GENERATE_SYMBOLS = YES;
				SWIFT_ACTIVE_COMPILATION_CONDITIONS = "DEBUG $(inherited)";
				SWIFT_OPTIMIZATION_LEVEL = "-Onone";
			};
			name = Debug;
		};
		E9C960ED2EF1848E003DE138 /* Release */ = {
			isa = XCBuildConfiguration;
			buildSettings = {
				ALWAYS_SEARCH_USER_PATHS = NO;
				ASSETCATALOG_COMPILER_GENERATE_SWIFT_ASSET_SYMBOL_EXTENSIONS = YES;
				CLANG_ANALYZER_NONNULL = YES;
				CLANG_ANALYZER_NUMBER_OBJECT_CONVERSION = YES_AGGRESSIVE;
				CLANG_CXX_LANGUAGE_STANDARD = "gnu++20";
				CLANG_ENABLE_MODULES = YES;
				CLANG_ENABLE_OBJC_ARC = YES;
				CLANG_ENABLE_OBJC_WEAK = YES;
				CLANG_WARN_BLOCK_CAPTURE_AUTORELEASING = YES;
				CLANG_WARN_BOOL_CONVERSION = YES;
				CLANG_WARN_COMMA = YES;
				CLANG_WARN_CONSTANT_CONVERSION = YES;
				CLANG_WARN_DEPRECATED_OBJC_IMPLEMENTATIONS = YES;
				CLANG_WARN_DIRECT_OBJC_ISA_USAGE = YES_ERROR;
				CLANG_WARN_DOCUMENTATION_COMMENTS = YES;
				CLANG_WARN_EMPTY_BODY = YES;
				CLANG_WARN_ENUM_CONVERSION = YES;
				CLANG_WARN_INFINITE_RECURSION = YES;
				CLANG_WARN_INT_CONVERSION = YES;
				CLANG_WARN_NON_LITERAL_NULL_CONVERSION = YES;
				CLANG_WARN_OBJC_IMPLICIT_RETAIN_SELF = YES;
				CLANG_WARN_OBJC_LITERAL_CONVERSION = YES;
				CLANG_WARN_OBJC_ROOT_CLASS = YES_ERROR;
				CLANG_WARN_QUOTED_INCLUDE_IN_FRAMEWORK_HEADER = YES;
				CLANG_WARN_RANGE_LOOP_ANALYSIS = YES;
				CLANG_WARN_STRICT_PROTOTYPES = YES;
				CLANG_WARN_SUSPICIOUS_MOVE = YES;
				CLANG_WARN_UNGUARDED_AVAILABILITY = YES_AGGRESSIVE;
				CLANG_WARN_UNREACHABLE_CODE = YES;
				CLANG_WARN__DUPLICATE_METHOD_MATCH = YES;
				COPY_PHASE_STRIP = NO;
				DEBUG_INFORMATION_FORMAT = "dwarf-with-dsym";
				ENABLE_NS_ASSERTIONS = NO;
				ENABLE_STRICT_OBJC_MSGSEND = YES;
				ENABLE_USER_SCRIPT_SANDBOXING = YES;
				GCC_C_LANGUAGE_STANDARD = gnu17;
				GCC_NO_COMMON_BLOCKS = YES;
				GCC_WARN_64_TO_32_BIT_CONVERSION = YES;
				GCC_WARN_ABOUT_RETURN_TYPE = YES_ERROR;
				GCC_WARN_UNDECLARED_SELECTOR = YES;
				GCC_WARN_UNINITIALIZED_AUTOS = YES_AGGRESSIVE;
				GCC_WARN_UNUSED_FUNCTION = YES;
				GCC_WARN_UNUSED_VARIABLE = YES;
				IPHONEOS_DEPLOYMENT_TARGET = 15.5;
				LOCALIZATION_PREFERS_STRING_CATALOGS = YES;
				MTL_ENABLE_DEBUG_INFO = NO;
				MTL_FAST_MATH = YES;
				SDKROOT = iphoneos;
				STRING_CATALOG_GENERATE_SYMBOLS = YES;
				SWIFT_COMPILATION_MODE = wholemodule;
				VALIDATE_PRODUCT = YES;
			};
			name = Release;
		};
/* End XCBuildConfiguration section */

/* Begin XCConfigurationList section */
		1438FDDC2F28117F000F76A5 /* Build configuration list for PBXLegacyTarget "WireGuardGoBridgeiOS" */ = {
			isa = XCConfigurationList;
			buildConfigurations = (
				1438FDDD2F28117F000F76A5 /* Debug */,
				1438FDDE2F28117F000F76A5 /* Release */,
			);
			defaultConfigurationIsVisible = 0;
			defaultConfigurationName = Release;
		};
		14621F7E2EF58C4F001538E3 /* Build configuration list for PBXNativeTarget "FastVPNAppPacketTunnel" */ = {
			isa = XCConfigurationList;
			buildConfigurations = (
				14621F7F2EF58C4F001538E3 /* Debug */,
				14621F802EF58C4F001538E3 /* Release */,
			);
			defaultConfigurationIsVisible = 0;
			defaultConfigurationName = Release;
		};
		E9C960D12EF1848D003DE138 /* Build configuration list for PBXProject "FastVPNApp" */ = {
			isa = XCConfigurationList;
			buildConfigurations = (
				E9C960EC2EF1848E003DE138 /* Debug */,
				E9C960ED2EF1848E003DE138 /* Release */,
			);
			defaultConfigurationIsVisible = 0;
			defaultConfigurationName = Release;
		};
		E9C960E92EF1848E003DE138 /* Build configuration list for PBXNativeTarget "FastVPNApp" */ = {
			isa = XCConfigurationList;
			buildConfigurations = (
				E9C960EA2EF1848E003DE138 /* Debug */,
				E9C960EB2EF1848E003DE138 /* Release */,
			);
			defaultConfigurationIsVisible = 0;
			defaultConfigurationName = Release;
		};
/* End XCConfigurationList section */

/* Begin XCRemoteSwiftPackageReference section */
		AC5A00022F2A000000000002 /* XCRemoteSwiftPackageReference "SwiftyXrayKit" */ = {
			isa = XCRemoteSwiftPackageReference;
			repositoryURL = "https://github.com/dima-u/SwiftyXrayKit.git";
			requirement = {
				kind = upToNextMajorVersion;
				minimumVersion = 1.1.0;
			};
		};
/* End XCRemoteSwiftPackageReference section */

/* Begin XCSwiftPackageProductDependency section */
		AC5A00032F2A000000000003 /* SwiftyXrayKit */ = {
			isa = XCSwiftPackageProductDependency;
			package = AC5A00022F2A000000000002 /* XCRemoteSwiftPackageReference "SwiftyXrayKit" */;
			productName = SwiftyXrayKit;
		};
/* End XCSwiftPackageProductDependency section */
	};
	rootObject = E9C960CE2EF1848D003DE138 /* Project object */;
}
